
Microsoft Visual Studio Solution File, Format Version 12.00
# Visual Studio 15
VisualStudioVersion = 15.0.28307.438
MinimumVisualStudioVersion = 10.0.40219.1
Project("{FAE04EC0-301F-11D3-BF4B-00C04F79EFBC}") = "Enrolment 2", "Enrolment 2\Enrolment 2.csproj", "{9BA9F1E3-EDF7-4E89-AEE4-729F020E0E7A}"
EndProject
Project("{FAE04EC0-301F-11D3-BF4B-00C04F79EFBC}") = "Enrolment v3", "NMIT Case Study v2\Enrolment v3.csproj", "{EA40EC79-F3B3-45F0-8DCE-7E4CCF33C539}"
EndProject
Global
	GlobalSection(SolutionConfigurationPlatforms) = preSolution
		Debug|Any CPU = Debug|Any CPU
		Release|Any CPU = Release|Any CPU
	EndGlobalSection
	GlobalSection(ProjectConfigurationPlatforms) = postSolution
		{9BA9F1E3-EDF7-4E89-AEE4-729F020E0E7A}.Debug|Any CPU.ActiveCfg = Debug|Any CPU
		{9BA9F1E3-EDF7-4E89-AEE4-729F020E0E7A}.Debug|Any CPU.Build.0 = Debug|Any CPU
		{9BA9F1E3-EDF7-4E89-AEE4-729F020E0E7A}.Release|Any CPU.ActiveCfg = Release|Any CPU
		{9BA9F1E3-EDF7-4E89-AEE4-729F020E0E7A}.Release|Any CPU.Build.0 = Release|Any CPU
		{EA40EC79-F3B3-45F0-8DCE-7E4CCF33C539}.Debug|Any CPU.ActiveCfg = Debug|Any CPU
		{EA40EC79-F3B3-45F0-8DCE-7E4CCF33C539}.Debug|Any CPU.Build.0 = Debug|Any CPU
		{EA40EC79-F3B3-45F0-8DCE-7E4CCF33C539}.Release|Any CPU.ActiveCfg = Release|Any CPU
		{EA40EC79-F3B3-45F0-8DCE-7E4CCF33C539}.Release|Any CPU.Build.0 = Release|Any CPU
	EndGlobalSection
	GlobalSection(SolutionProperties) = preSolution
		HideSolutionNode = FALSE
	EndGlobalSection
	GlobalSection(ExtensibilityGlobals) = postSolution
		SolutionGuid = {1A05C9E2-46C7-4885-8473-52D2AA84E255}
	EndGlobalSection
EndGlobal
